// !$*UTF8*$!
{
	archiveVersion = 1;
	classes = {
	};
	objectVersion = 56;
	objects = {

/* Begin PBXBuildFile section */
		D02241942DEF0575003F68D1 /* PokedexViewController.swift in Sources */ = {isa = PBXBuildFile; fileRef = D02241932DEF0575003F68D1 /* PokedexViewController.swift */; };
		D02241962DEF05C3003F68D1 /* GalleryViewController.swift in Sources */ = {isa = PBXBuildFile; fileRef = D02241952DEF05C3003F68D1 /* GalleryViewController.swift */; };
		D02241982DEF05DD003F68D1 /* CameraViewController.swift in Sources */ = {isa = PBXBuildFile; fileRef = D02241972DEF05DD003F68D1 /* CameraViewController.swift */; };
		D022419A2DEF05F2003F68D1 /* CardViewController.swift in Sources */ = {isa = PBXBuildFile; fileRef = D02241992DEF05F2003F68D1 /* CardViewController.swift */; };
		D022419C2DEF0610003F68D1 /* SettingViewController.swift in Sources */ = {isa = PBXBuildFile; fileRef = D022419B2DEF0610003F68D1 /* SettingViewController.swift */; };
		D022419F2DEF33AE003F68D1 /* TabType.swift in Sources */ = {isa = PBXBuildFile; fileRef = D022419E2DEF33AE003F68D1 /* TabType.swift */; };
		D02526C22DF33C7E0028B42A /* PokeballButton.swift in Sources */ = {isa = PBXBuildFile; fileRef = D02526C12DF33C7E0028B42A /* PokeballButton.swift */; };
		D046F8C62DDCCAE9000E1A65 /* Galmuri11.ttf in Resources */ = {isa = PBXBuildFile; fileRef = D046F8C52DDCCAE9000E1A65 /* Galmuri11.ttf */; };
		D046F8C92DDCCCA2000E1A65 /* Galmuri11-Bold.ttf in Resources */ = {isa = PBXBuildFile; fileRef = D046F8C72DDCCCA2000E1A65 /* Galmuri11-Bold.ttf */; };
		D046F8CA2DDCCCA2000E1A65 /* Galmuri11-Condensed.ttf in Resources */ = {isa = PBXBuildFile; fileRef = D046F8C82DDCCCA2000E1A65 /* Galmuri11-Condensed.ttf */; };
		D0746C592E04527900402D1C /* PinLayout in Frameworks */ = {isa = PBXBuildFile; productRef = D0746C582E04527900402D1C /* PinLayout */; };
		D0B57B262E018C30004BF924 /* GotchaViewController.swift in Sources */ = {isa = PBXBuildFile; fileRef = D0B57B252E018C30004BF924 /* GotchaViewController.swift */; };
		D0C4676D2DD8322C0011B152 /* MainUpperView.swift in Sources */ = {isa = PBXBuildFile; fileRef = D0C4676C2DD8322C0011B152 /* MainUpperView.swift */; };
		D0C4676F2DD8C2AF0011B152 /* MainTabBarView.swift in Sources */ = {isa = PBXBuildFile; fileRef = D0C4676E2DD8C2AF0011B152 /* MainTabBarView.swift */; };
		D0C467712DD8D16F0011B152 /* MainTabButton.swift in Sources */ = {isa = PBXBuildFile; fileRef = D0C467702DD8D16F0011B152 /* MainTabButton.swift */; };
		D0C7FCC02DC52B2E00A0F05D /* AppDelegate.swift in Sources */ = {isa = PBXBuildFile; fileRef = D0C7FCB62DC52B2E00A0F05D /* AppDelegate.swift */; };
		D0C7FCC12DC52B2E00A0F05D /* SceneDelegate.swift in Sources */ = {isa = PBXBuildFile; fileRef = D0C7FCBD2DC52B2E00A0F05D /* SceneDelegate.swift */; };
		D0C7FCC22DC52B2E00A0F05D /* MainViewController.swift in Sources */ = {isa = PBXBuildFile; fileRef = D0C7FCBE2DC52B2E00A0F05D /* MainViewController.swift */; };
		D0C7FCC32DC52B2E00A0F05D /* Assets.xcassets in Resources */ = {isa = PBXBuildFile; fileRef = D0C7FCB72DC52B2E00A0F05D /* Assets.xcassets */; };
		D0C7FCC52DC52B2E00A0F05D /* LaunchScreen.storyboard in Resources */ = {isa = PBXBuildFile; fileRef = D0C7FCBA2DC52B2E00A0F05D /* LaunchScreen.storyboard */; };
		D0D238A82DF40D47003662D1 /* PokedexCell.swift in Sources */ = {isa = PBXBuildFile; fileRef = D0D238A72DF40D47003662D1 /* PokedexCell.swift */; };
		D0D238AA2DF4107B003662D1 /* PokedexHeader.swift in Sources */ = {isa = PBXBuildFile; fileRef = D0D238A92DF4107B003662D1 /* PokedexHeader.swift */; };
		D0D238AF2DF43FE9003662D1 /* Pokedex.swift in Sources */ = {isa = PBXBuildFile; fileRef = D0D238AE2DF43FE9003662D1 /* Pokedex.swift */; };
		D0D238B12DF44124003662D1 /* PokemonModel.swift in Sources */ = {isa = PBXBuildFile; fileRef = D0D238B02DF44124003662D1 /* PokemonModel.swift */; };
/* End PBXBuildFile section */

/* Begin PBXFileReference section */
		D02241932DEF0575003F68D1 /* PokedexViewController.swift */ = {isa = PBXFileReference; lastKnownFileType = sourcecode.swift; path = PokedexViewController.swift; sourceTree = "<group>"; };
		D02241952DEF05C3003F68D1 /* GalleryViewController.swift */ = {isa = PBXFileReference; lastKnownFileType = sourcecode.swift; path = GalleryViewController.swift; sourceTree = "<group>"; };
		D02241972DEF05DD003F68D1 /* CameraViewController.swift */ = {isa = PBXFileReference; lastKnownFileType = sourcecode.swift; path = CameraViewController.swift; sourceTree = "<group>"; };
		D02241992DEF05F2003F68D1 /* CardViewController.swift */ = {isa = PBXFileReference; lastKnownFileType = sourcecode.swift; path = CardViewController.swift; sourceTree = "<group>"; };
		D022419B2DEF0610003F68D1 /* SettingViewController.swift */ = {isa = PBXFileReference; lastKnownFileType = sourcecode.swift; path = SettingViewController.swift; sourceTree = "<group>"; };
		D022419E2DEF33AE003F68D1 /* TabType.swift */ = {isa = PBXFileReference; lastKnownFileType = sourcecode.swift; path = TabType.swift; sourceTree = "<group>"; };
		D02526C12DF33C7E0028B42A /* PokeballButton.swift */ = {isa = PBXFileReference; lastKnownFileType = sourcecode.swift; path = PokeballButton.swift; sourceTree = "<group>"; };
		D046F8C52DDCCAE9000E1A65 /* Galmuri11.ttf */ = {isa = PBXFileReference; lastKnownFileType = file; path = Galmuri11.ttf; sourceTree = "<group>"; };
		D046F8C72DDCCCA2000E1A65 /* Galmuri11-Bold.ttf */ = {isa = PBXFileReference; lastKnownFileType = file; path = "Galmuri11-Bold.ttf"; sourceTree = "<group>"; };
		D046F8C82DDCCCA2000E1A65 /* Galmuri11-Condensed.ttf */ = {isa = PBXFileReference; lastKnownFileType = file; path = "Galmuri11-Condensed.ttf"; sourceTree = "<group>"; };
		D0B57B252E018C30004BF924 /* GotchaViewController.swift */ = {isa = PBXFileReference; lastKnownFileType = sourcecode.swift; path = GotchaViewController.swift; sourceTree = "<group>"; };
		D0C4676C2DD8322C0011B152 /* MainUpperView.swift */ = {isa = PBXFileReference; lastKnownFileType = sourcecode.swift; path = MainUpperView.swift; sourceTree = "<group>"; };
		D0C4676E2DD8C2AF0011B152 /* MainTabBarView.swift */ = {isa = PBXFileReference; lastKnownFileType = sourcecode.swift; path = MainTabBarView.swift; sourceTree = "<group>"; };
		D0C467702DD8D16F0011B152 /* MainTabButton.swift */ = {isa = PBXFileReference; lastKnownFileType = sourcecode.swift; path = MainTabButton.swift; sourceTree = "<group>"; };
		D0C7FC7E2DC528F100A0F05D /* Pokedex.app */ = {isa = PBXFileReference; explicitFileType = wrapper.application; includeInIndex = 0; path = Pokedex.app; sourceTree = BUILT_PRODUCTS_DIR; };
		D0C7FCB62DC52B2E00A0F05D /* AppDelegate.swift */ = {isa = PBXFileReference; lastKnownFileType = sourcecode.swift; path = AppDelegate.swift; sourceTree = "<group>"; };
		D0C7FCB72DC52B2E00A0F05D /* Assets.xcassets */ = {isa = PBXFileReference; lastKnownFileType = folder.assetcatalog; path = Assets.xcassets; sourceTree = "<group>"; };
		D0C7FCB82DC52B2E00A0F05D /* Info.plist */ = {isa = PBXFileReference; lastKnownFileType = text.plist.xml; path = Info.plist; sourceTree = "<group>"; };
		D0C7FCB92DC52B2E00A0F05D /* Base */ = {isa = PBXFileReference; lastKnownFileType = file.storyboard; name = Base; path = Base.lproj/LaunchScreen.storyboard; sourceTree = "<group>"; };
		D0C7FCBD2DC52B2E00A0F05D /* SceneDelegate.swift */ = {isa = PBXFileReference; lastKnownFileType = sourcecode.swift; path = SceneDelegate.swift; sourceTree = "<group>"; };
		D0C7FCBE2DC52B2E00A0F05D /* MainViewController.swift */ = {isa = PBXFileReference; lastKnownFileType = sourcecode.swift; path = MainViewController.swift; sourceTree = "<group>"; };
		D0D238A72DF40D47003662D1 /* PokedexCell.swift */ = {isa = PBXFileReference; lastKnownFileType = sourcecode.swift; path = PokedexCell.swift; sourceTree = "<group>"; };
		D0D238A92DF4107B003662D1 /* PokedexHeader.swift */ = {isa = PBXFileReference; lastKnownFileType = sourcecode.swift; path = PokedexHeader.swift; sourceTree = "<group>"; };
		D0D238AE2DF43FE9003662D1 /* Pokedex.swift */ = {isa = PBXFileReference; lastKnownFileType = sourcecode.swift; path = Pokedex.swift; sourceTree = "<group>"; };
		D0D238B02DF44124003662D1 /* PokemonModel.swift */ = {isa = PBXFileReference; lastKnownFileType = sourcecode.swift; path = PokemonModel.swift; sourceTree = "<group>"; };
/* End PBXFileReference section */

/* Begin PBXFrameworksBuildPhase section */
		D0C7FC7B2DC528F100A0F05D /* Frameworks */ = {
			isa = PBXFrameworksBuildPhase;
			buildActionMask = 2147483647;
			files = (
				D0746C592E04527900402D1C /* PinLayout in Frameworks */,
			);
			runOnlyForDeploymentPostprocessing = 0;
		};
/* End PBXFrameworksBuildPhase section */

/* Begin PBXGroup section */
		D022418C2DEF0499003F68D1 /* Pokedex */ = {
			isa = PBXGroup;
			children = (
				D02241932DEF0575003F68D1 /* PokedexViewController.swift */,
				D0D238A72DF40D47003662D1 /* PokedexCell.swift */,
				D0D238A92DF4107B003662D1 /* PokedexHeader.swift */,
			);
			path = Pokedex;
			sourceTree = "<group>";
		};
		D022418D2DEF04B7003F68D1 /* Gallery */ = {
			isa = PBXGroup;
			children = (
				D02241952DEF05C3003F68D1 /* GalleryViewController.swift */,
			);
			path = Gallery;
			sourceTree = "<group>";
		};
		D022418E2DEF04CA003F68D1 /* Gotcha */ = {
			isa = PBXGroup;
			children = (
				D02241972DEF05DD003F68D1 /* CameraViewController.swift */,
				D0B57B252E018C30004BF924 /* GotchaViewController.swift */,
			);
			path = Gotcha;
			sourceTree = "<group>";
		};
		D022418F2DEF04DD003F68D1 /* Card */ = {
			isa = PBXGroup;
			children = (
				D02241992DEF05F2003F68D1 /* CardViewController.swift */,
			);
			path = Card;
			sourceTree = "<group>";
		};
		D02241902DEF04EC003F68D1 /* Setting */ = {
			isa = PBXGroup;
			children = (
				D022419B2DEF0610003F68D1 /* SettingViewController.swift */,
			);
			path = Setting;
			sourceTree = "<group>";
		};
		D046F8C42DDCCAD7000E1A65 /* Font */ = {
			isa = PBXGroup;
			children = (
				D046F8C72DDCCCA2000E1A65 /* Galmuri11-Bold.ttf */,
				D046F8C82DDCCCA2000E1A65 /* Galmuri11-Condensed.ttf */,
				D046F8C52DDCCAE9000E1A65 /* Galmuri11.ttf */,
			);
			path = Font;
			sourceTree = "<group>";
		};
		D0C7FC752DC528F100A0F05D = {
			isa = PBXGroup;
			children = (
				D0C7FCBF2DC52B2E00A0F05D /* Pokedex */,
				D0C7FC7F2DC528F100A0F05D /* Products */,
			);
			sourceTree = "<group>";
		};
		D0C7FC7F2DC528F100A0F05D /* Products */ = {
			isa = PBXGroup;
			children = (
				D0C7FC7E2DC528F100A0F05D /* Pokedex.app */,
			);
			name = Products;
			sourceTree = "<group>";
		};
		D0C7FCBF2DC52B2E00A0F05D /* Pokedex */ = {
			isa = PBXGroup;
			children = (
				D046F8C42DDCCAD7000E1A65 /* Font */,
				D0D238AB2DF43FC6003662D1 /* Common */,
				D0F3579A2DC5DB460025C59F /* Main */,
				D022418C2DEF0499003F68D1 /* Pokedex */,
				D022418D2DEF04B7003F68D1 /* Gallery */,
				D022418E2DEF04CA003F68D1 /* Gotcha */,
				D022418F2DEF04DD003F68D1 /* Card */,
				D02241902DEF04EC003F68D1 /* Setting */,
				D0C7FCB62DC52B2E00A0F05D /* AppDelegate.swift */,
				D0C7FCB72DC52B2E00A0F05D /* Assets.xcassets */,
				D0C7FCB82DC52B2E00A0F05D /* Info.plist */,
				D0C7FCBA2DC52B2E00A0F05D /* LaunchScreen.storyboard */,
				D0C7FCBD2DC52B2E00A0F05D /* SceneDelegate.swift */,
			);
			path = Pokedex;
			sourceTree = "<group>";
		};
		D0D238AB2DF43FC6003662D1 /* Common */ = {
			isa = PBXGroup;
			children = (
				D0D238AE2DF43FE9003662D1 /* Pokedex.swift */,
				D0D238B02DF44124003662D1 /* PokemonModel.swift */,
			);
			path = Common;
			sourceTree = "<group>";
		};
		D0F3579A2DC5DB460025C59F /* Main */ = {
			isa = PBXGroup;
			children = (
				D0C7FCBE2DC52B2E00A0F05D /* MainViewController.swift */,
				D0C4676C2DD8322C0011B152 /* MainUpperView.swift */,
				D0C4676E2DD8C2AF0011B152 /* MainTabBarView.swift */,
				D0C467702DD8D16F0011B152 /* MainTabButton.swift */,
				D02526C12DF33C7E0028B42A /* PokeballButton.swift */,
				D022419E2DEF33AE003F68D1 /* TabType.swift */,
			);
			path = Main;
			sourceTree = "<group>";
		};
/* End PBXGroup section */

/* Begin PBXNativeTarget section */
		D0C7FC7D2DC528F100A0F05D /* Pokedex */ = {
			isa = PBXNativeTarget;
			buildConfigurationList = D0C7FC912DC528F200A0F05D /* Build configuration list for PBXNativeTarget "Pokedex" */;
			buildPhases = (
				D0C7FC7A2DC528F100A0F05D /* Sources */,
				D0C7FC7B2DC528F100A0F05D /* Frameworks */,
				D0C7FC7C2DC528F100A0F05D /* Resources */,
			);
			buildRules = (
			);
			dependencies = (
			);
			name = Pokedex;
			productName = Pokedex;
			productReference = D0C7FC7E2DC528F100A0F05D /* Pokedex.app */;
			productType = "com.apple.product-type.application";
		};
/* End PBXNativeTarget section */

/* Begin PBXProject section */
		D0C7FC762DC528F100A0F05D /* Project object */ = {
			isa = PBXProject;
			attributes = {
				BuildIndependentTargetsInParallel = 1;
				LastSwiftUpdateCheck = 1620;
				LastUpgradeCheck = 1620;
				TargetAttributes = {
					D0C7FC7D2DC528F100A0F05D = {
						CreatedOnToolsVersion = 16.2;
					};
				};
			};
			buildConfigurationList = D0C7FC792DC528F100A0F05D /* Build configuration list for PBXProject "Pokedex" */;
			compatibilityVersion = "Xcode 14.0";
			developmentRegion = en;
			hasScannedForEncodings = 0;
			knownRegions = (
				en,
				Base,
			);
			mainGroup = D0C7FC752DC528F100A0F05D;
			packageReferences = (
				D0746C572E04527900402D1C /* XCRemoteSwiftPackageReference "PinLayout" */,
			);
			productRefGroup = D0C7FC7F2DC528F100A0F05D /* Products */;
			projectDirPath = "";
			projectRoot = "";
			targets = (
				D0C7FC7D2DC528F100A0F05D /* Pokedex */,
			);
		};
/* End PBXProject section */

/* Begin PBXResourcesBuildPhase section */
		D0C7FC7C2DC528F100A0F05D /* Resources */ = {
			isa = PBXResourcesBuildPhase;
			buildActionMask = 2147483647;
			files = (
				D0C7FCC32DC52B2E00A0F05D /* Assets.xcassets in Resources */,
				D046F8C92DDCCCA2000E1A65 /* Galmuri11-Bold.ttf in Resources */,
				D046F8CA2DDCCCA2000E1A65 /* Galmuri11-Condensed.ttf in Resources */,
				D046F8C62DDCCAE9000E1A65 /* Galmuri11.ttf in Resources */,
				D0C7FCC52DC52B2E00A0F05D /* LaunchScreen.storyboard in Resources */,
			);
			runOnlyForDeploymentPostprocessing = 0;
		};
/* End PBXResourcesBuildPhase section */

/* Begin PBXSourcesBuildPhase section */
		D0C7FC7A2DC528F100A0F05D /* Sources */ = {
			isa = PBXSourcesBuildPhase;
			buildActionMask = 2147483647;
			files = (
				D0C4676F2DD8C2AF0011B152 /* MainTabBarView.swift in Sources */,
				D022419C2DEF0610003F68D1 /* SettingViewController.swift in Sources */,
				D0D238A82DF40D47003662D1 /* PokedexCell.swift in Sources */,
				D0C7FCC02DC52B2E00A0F05D /* AppDelegate.swift in Sources */,
				D0C7FCC12DC52B2E00A0F05D /* SceneDelegate.swift in Sources */,
				D0C4676D2DD8322C0011B152 /* MainUpperView.swift in Sources */,
				D0C467712DD8D16F0011B152 /* MainTabButton.swift in Sources */,
				D0D238B12DF44124003662D1 /* PokemonModel.swift in Sources */,
				D0B57B262E018C30004BF924 /* GotchaViewController.swift in Sources */,
				D02241962DEF05C3003F68D1 /* GalleryViewController.swift in Sources */,
				D0D238AF2DF43FE9003662D1 /* Pokedex.swift in Sources */,
				D0C7FCC22DC52B2E00A0F05D /* MainViewController.swift in Sources */,
				D02241942DEF0575003F68D1 /* PokedexViewController.swift in Sources */,
				D0D238AA2DF4107B003662D1 /* PokedexHeader.swift in Sources */,
				D02526C22DF33C7E0028B42A /* PokeballButton.swift in Sources */,
				D022419F2DEF33AE003F68D1 /* TabType.swift in Sources */,
				D022419A2DEF05F2003F68D1 /* CardViewController.swift in Sources */,
				D02241982DEF05DD003F68D1 /* CameraViewController.swift in Sources */,
			);
			runOnlyForDeploymentPostprocessing = 0;
		};
/* End PBXSourcesBuildPhase section */

/* Begin PBXVariantGroup section */
		D0C7FCBA2DC52B2E00A0F05D /* LaunchScreen.storyboard */ = {
			isa = PBXVariantGroup;
			children = (
				D0C7FCB92DC52B2E00A0F05D /* Base */,
			);
			name = LaunchScreen.storyboard;
			sourceTree = "<group>";
		};
/* End PBXVariantGroup section */

/* Begin XCBuildConfiguration section */
		D0C7FC922DC528F200A0F05D /* Debug */ = {
			isa = XCBuildConfiguration;
			buildSettings = {
				ASSETCATALOG_COMPILER_APPICON_NAME = AppIcon;
				ASSETCATALOG_COMPILER_GLOBAL_ACCENT_COLOR_NAME = AccentColor;
				CODE_SIGN_STYLE = Automatic;
				CURRENT_PROJECT_VERSION = 1;
				DEVELOPMENT_TEAM = XYDL49Q5GS;
				ENABLE_USER_SCRIPT_SANDBOXING = NO;
				GENERATE_INFOPLIST_FILE = YES;
				INFOPLIST_FILE = Pokedex/Info.plist;
				INFOPLIST_KEY_UIApplicationSupportsIndirectInputEvents = YES;
				INFOPLIST_KEY_UILaunchStoryboardName = LaunchScreen;
				INFOPLIST_KEY_UISupportedInterfaceOrientations = UIInterfaceOrientationPortrait;
				IPHONEOS_DEPLOYMENT_TARGET = 17.0;
				LD_RUNPATH_SEARCH_PATHS = (
					"$(inherited)",
					"@executable_path/Frameworks",
				);
				MARKETING_VERSION = 1.0;
				PRODUCT_BUNDLE_IDENTIFIER = com.jyj.Pokedex;
				PRODUCT_NAME = "$(TARGET_NAME)";
				SUPPORTED_PLATFORMS = "iphoneos iphonesimulator";
				SUPPORTS_MACCATALYST = NO;
				SWIFT_EMIT_LOC_STRINGS = YES;
				SWIFT_VERSION = 5.0;
				TARGETED_DEVICE_FAMILY = 1;
			};
			name = Debug;
		};
		D0C7FC932DC528F200A0F05D /* Release */ = {
			isa = XCBuildConfiguration;
			buildSettings = {
				ASSETCATALOG_COMPILER_APPICON_NAME = AppIcon;
				ASSETCATALOG_COMPILER_GLOBAL_ACCENT_COLOR_NAME = AccentColor;
				CODE_SIGN_STYLE = Automatic;
				CURRENT_PROJECT_VERSION = 1;
				DEVELOPMENT_TEAM = XYDL49Q5GS;
				ENABLE_USER_SCRIPT_SANDBOXING = NO;
				GENERATE_INFOPLIST_FILE = YES;
				INFOPLIST_FILE = Pokedex/Info.plist;
				INFOPLIST_KEY_UIApplicationSupportsIndirectInputEvents = YES;
				INFOPLIST_KEY_UILaunchStoryboardName = LaunchScreen;
				INFOPLIST_KEY_UISupportedInterfaceOrientations = UIInterfaceOrientationPortrait;
				IPHONEOS_DEPLOYMENT_TARGET = 17.0;
				LD_RUNPATH_SEARCH_PATHS = (
					"$(inherited)",
					"@executable_path/Frameworks",
				);
				MARKETING_VERSION = 1.0;
				PRODUCT_BUNDLE_IDENTIFIER = com.jyj.Pokedex;
				PRODUCT_NAME = "$(TARGET_NAME)";
				SUPPORTED_PLATFORMS = "iphoneos iphonesimulator";
				SUPPORTS_MACCATALYST = NO;
				SWIFT_EMIT_LOC_STRINGS = YES;
				SWIFT_VERSION = 5.0;
				TARGETED_DEVICE_FAMILY = 1;
			};
			name = Release;
		};
		D0C7FC942DC528F200A0F05D /* Debug */ = {
			isa = XCBuildConfiguration;
			buildSettings = {
				ALWAYS_SEARCH_USER_PATHS = NO;
				ASSETCATALOG_COMPILER_GENERATE_SWIFT_ASSET_SYMBOL_EXTENSIONS = YES;
				CLANG_ANALYZER_NONNULL = YES;
				CLANG_ANALYZER_NUMBER_OBJECT_CONVERSION = YES_AGGRESSIVE;
				CLANG_CXX_LANGUAGE_STANDARD = "gnu++20";
				CLANG_ENABLE_MODULES = YES;
				CLANG_ENABLE_OBJC_ARC = YES;
				CLANG_ENABLE_OBJC_WEAK = YES;
				CLANG_WARN_BLOCK_CAPTURE_AUTORELEASING = YES;
				CLANG_WARN_BOOL_CONVERSION = YES;
				CLANG_WARN_COMMA = YES;
				CLANG_WARN_CONSTANT_CONVERSION = YES;
				CLANG_WARN_DEPRECATED_OBJC_IMPLEMENTATIONS = YES;
				CLANG_WARN_DIRECT_OBJC_ISA_USAGE = YES_ERROR;
				CLANG_WARN_DOCUMENTATION_COMMENTS = YES;
				CLANG_WARN_EMPTY_BODY = YES;
				CLANG_WARN_ENUM_CONVERSION = YES;
				CLANG_WARN_INFINITE_RECURSION = YES;
				CLANG_WARN_INT_CONVERSION = YES;
				CLANG_WARN_NON_LITERAL_NULL_CONVERSION = YES;
				CLANG_WARN_OBJC_IMPLICIT_RETAIN_SELF = YES;
				CLANG_WARN_OBJC_LITERAL_CONVERSION = YES;
				CLANG_WARN_OBJC_ROOT_CLASS = YES_ERROR;
				CLANG_WARN_QUOTED_INCLUDE_IN_FRAMEWORK_HEADER = YES;
				CLANG_WARN_RANGE_LOOP_ANALYSIS = YES;
				CLANG_WARN_STRICT_PROTOTYPES = YES;
				CLANG_WARN_SUSPICIOUS_MOVE = YES;
				CLANG_WARN_UNGUARDED_AVAILABILITY = YES_AGGRESSIVE;
				CLANG_WARN_UNREACHABLE_CODE = YES;
				CLANG_WARN__DUPLICATE_METHOD_MATCH = YES;
				COPY_PHASE_STRIP = NO;
				DEBUG_INFORMATION_FORMAT = dwarf;
				ENABLE_STRICT_OBJC_MSGSEND = YES;
				ENABLE_TESTABILITY = YES;
				ENABLE_USER_SCRIPT_SANDBOXING = YES;
				GCC_C_LANGUAGE_STANDARD = gnu17;
				GCC_DYNAMIC_NO_PIC = NO;
				GCC_NO_COMMON_BLOCKS = YES;
				GCC_OPTIMIZATION_LEVEL = 0;
				GCC_PREPROCESSOR_DEFINITIONS = (
					"DEBUG=1",
					"$(inherited)",
				);
				GCC_WARN_64_TO_32_BIT_CONVERSION = YES;
				GCC_WARN_ABOUT_RETURN_TYPE = YES_ERROR;
				GCC_WARN_UNDECLARED_SELECTOR = YES;
				GCC_WARN_UNINITIALIZED_AUTOS = YES_AGGRESSIVE;
				GCC_WARN_UNUSED_FUNCTION = YES;
				GCC_WARN_UNUSED_VARIABLE = YES;
				IPHONEOS_DEPLOYMENT_TARGET = 18.2;
				LOCALIZATION_PREFERS_STRING_CATALOGS = YES;
				MTL_ENABLE_DEBUG_INFO = INCLUDE_SOURCE;
				MTL_FAST_MATH = YES;
				ONLY_ACTIVE_ARCH = YES;
				SDKROOT = iphoneos;
				SWIFT_ACTIVE_COMPILATION_CONDITIONS = "DEBUG $(inherited)";
				SWIFT_OPTIMIZATION_LEVEL = "-Onone";
			};
			name = Debug;
		};
		D0C7FC952DC528F200A0F05D /* Release */ = {
			isa = XCBuildConfiguration;
			buildSettings = {
				ALWAYS_SEARCH_USER_PATHS = NO;
				ASSETCATALOG_COMPILER_GENERATE_SWIFT_ASSET_SYMBOL_EXTENSIONS = YES;
				CLANG_ANALYZER_NONNULL = YES;
				CLANG_ANALYZER_NUMBER_OBJECT_CONVERSION = YES_AGGRESSIVE;
				CLANG_CXX_LANGUAGE_STANDARD = "gnu++20";
				CLANG_ENABLE_MODULES = YES;
				CLANG_ENABLE_OBJC_ARC = YES;
				CLANG_ENABLE_OBJC_WEAK = YES;
				CLANG_WARN_BLOCK_CAPTURE_AUTORELEASING = YES;
				CLANG_WARN_BOOL_CONVERSION = YES;
				CLANG_WARN_COMMA = YES;
				CLANG_WARN_CONSTANT_CONVERSION = YES;
				CLANG_WARN_DEPRECATED_OBJC_IMPLEMENTATIONS = YES;
				CLANG_WARN_DIRECT_OBJC_ISA_USAGE = YES_ERROR;
				CLANG_WARN_DOCUMENTATION_COMMENTS = YES;
				CLANG_WARN_EMPTY_BODY = YES;
				CLANG_WARN_ENUM_CONVERSION = YES;
				CLANG_WARN_INFINITE_RECURSION = YES;
				CLANG_WARN_INT_CONVERSION = YES;
				CLANG_WARN_NON_LITERAL_NULL_CONVERSION = YES;
				CLANG_WARN_OBJC_IMPLICIT_RETAIN_SELF = YES;
				CLANG_WARN_OBJC_LITERAL_CONVERSION = YES;
				CLANG_WARN_OBJC_ROOT_CLASS = YES_ERROR;
				CLANG_WARN_QUOTED_INCLUDE_IN_FRAMEWORK_HEADER = YES;
				CLANG_WARN_RANGE_LOOP_ANALYSIS = YES;
				CLANG_WARN_STRICT_PROTOTYPES = YES;
				CLANG_WARN_SUSPICIOUS_MOVE = YES;
				CLANG_WARN_UNGUARDED_AVAILABILITY = YES_AGGRESSIVE;
				CLANG_WARN_UNREACHABLE_CODE = YES;
				CLANG_WARN__DUPLICATE_METHOD_MATCH = YES;
				COPY_PHASE_STRIP = NO;
				DEBUG_INFORMATION_FORMAT = "dwarf-with-dsym";
				ENABLE_NS_ASSERTIONS = NO;
				ENABLE_STRICT_OBJC_MSGSEND = YES;
				ENABLE_USER_SCRIPT_SANDBOXING = YES;
				GCC_C_LANGUAGE_STANDARD = gnu17;
				GCC_NO_COMMON_BLOCKS = YES;
				GCC_WARN_64_TO_32_BIT_CONVERSION = YES;
				GCC_WARN_ABOUT_RETURN_TYPE = YES_ERROR;
				GCC_WARN_UNDECLARED_SELECTOR = YES;
				GCC_WARN_UNINITIALIZED_AUTOS = YES_AGGRESSIVE;
				GCC_WARN_UNUSED_FUNCTION = YES;
				GCC_WARN_UNUSED_VARIABLE = YES;
				IPHONEOS_DEPLOYMENT_TARGET = 18.2;
				LOCALIZATION_PREFERS_STRING_CATALOGS = YES;
				MTL_ENABLE_DEBUG_INFO = NO;
				MTL_FAST_MATH = YES;
				SDKROOT = iphoneos;
				SWIFT_COMPILATION_MODE = wholemodule;
				VALIDATE_PRODUCT = YES;
			};
			name = Release;
		};
/* End XCBuildConfiguration section */

/* Begin XCConfigurationList section */
		D0C7FC792DC528F100A0F05D /* Build configuration list for PBXProject "Pokedex" */ = {
			isa = XCConfigurationList;
			buildConfigurations = (
				D0C7FC942DC528F200A0F05D /* Debug */,
				D0C7FC952DC528F200A0F05D /* Release */,
			);
			defaultConfigurationIsVisible = 0;
			defaultConfigurationName = Release;
		};
		D0C7FC912DC528F200A0F05D /* Build configuration list for PBXNativeTarget "Pokedex" */ = {
			isa = XCConfigurationList;
			buildConfigurations = (
				D0C7FC922DC528F200A0F05D /* Debug */,
				D0C7FC932DC528F200A0F05D /* Release */,
			);
			defaultConfigurationIsVisible = 0;
			defaultConfigurationName = Release;
		};
/* End XCConfigurationList section */

/* Begin XCRemoteSwiftPackageReference section */
		D0746C572E04527900402D1C /* XCRemoteSwiftPackageReference "PinLayout" */ = {
			isa = XCRemoteSwiftPackageReference;
			repositoryURL = "https://github.com/layoutBox/PinLayout";
			requirement = {
				kind = upToNextMajorVersion;
				minimumVersion = 1.10.5;
			};
		};
/* End XCRemoteSwiftPackageReference section */

/* Begin XCSwiftPackageProductDependency section */
		D0746C582E04527900402D1C /* PinLayout */ = {
			isa = XCSwiftPackageProductDependency;
			package = D0746C572E04527900402D1C /* XCRemoteSwiftPackageReference "PinLayout" */;
			productName = PinLayout;
		};
/* End XCSwiftPackageProductDependency section */
	};
	rootObject = D0C7FC762DC528F100A0F05D /* Project object */;
}
